
Microsoft Visual Studio Solution File, Format Version 12.00
# Visual Studio Version 16
VisualStudioVersion = 16.0.30114.105
MinimumVisualStudioVersion = 10.0.40219.1
Project("{FAE04EC0-301F-11D3-BF4B-00C04F79EFBC}") = "API", "API\API.csproj", "{A1F6D6D7-3D06-4C4B-AB9F-B019006B690B}"
EndProject
Project("{FAE04EC0-301F-11D3-BF4B-00C04F79EFBC}") = "Core", "Core\Core.csproj", "{09221C99-2EE7-4AC4-B6F4-FE652E3C7EF9}"
EndProject
Project("{FAE04EC0-301F-11D3-BF4B-00C04F79EFBC}") = "Infrastructure", "Infrastructure\Infrastructure.csproj", "{2218CE06-F7B9-4A0F-BA5E-36991F3F2779}"
EndProject
Global
	GlobalSection(SolutionConfigurationPlatforms) = preSolution
		Debug|Any CPU = Debug|Any CPU
		Release|Any CPU = Release|Any CPU
	EndGlobalSection
	GlobalSection(SolutionProperties) = preSolution
		HideSolutionNode = FALSE
	EndGlobalSection
	GlobalSection(ProjectConfigurationPlatforms) = postSolution
		{A1F6D6D7-3D06-4C4B-AB9F-B019006B690B}.Debug|Any CPU.ActiveCfg = Debug|Any CPU
		{A1F6D6D7-3D06-4C4B-AB9F-B019006B690B}.Debug|Any CPU.Build.0 = Debug|Any CPU
		{A1F6D6D7-3D06-4C4B-AB9F-B019006B690B}.Release|Any CPU.ActiveCfg = Release|Any CPU
		{A1F6D6D7-3D06-4C4B-AB9F-B019006B690B}.Release|Any CPU.Build.0 = Release|Any CPU
		{09221C99-2EE7-4AC4-B6F4-FE652E3C7EF9}.Debug|Any CPU.ActiveCfg = Debug|Any CPU
		{09221C99-2EE7-4AC4-B6F4-FE652E3C7EF9}.Debug|Any CPU.Build.0 = Debug|Any CPU
		{09221C99-2EE7-4AC4-B6F4-FE652E3C7EF9}.Release|Any CPU.ActiveCfg = Release|Any CPU
		{09221C99-2EE7-4AC4-B6F4-FE652E3C7EF9}.Release|Any CPU.Build.0 = Release|Any CPU
		{2218CE06-F7B9-4A0F-BA5E-36991F3F2779}.Debug|Any CPU.ActiveCfg = Debug|Any CPU
		{2218CE06-F7B9-4A0F-BA5E-36991F3F2779}.Debug|Any CPU.Build.0 = Debug|Any CPU
		{2218CE06-F7B9-4A0F-BA5E-36991F3F2779}.Release|Any CPU.ActiveCfg = Release|Any CPU
		{2218CE06-F7B9-4A0F-BA5E-36991F3F2779}.Release|Any CPU.Build.0 = Release|Any CPU
	EndGlobalSection
EndGlobal
